<?xml version="1.0" encoding="utf-8"?>
<Project ToolsVersion="4.0" xmlns="http://schemas.microsoft.com/developer/msbuild/2003">
  <ItemGroup>
    <Filter Include="ソース ファイル">
      <UniqueIdentifier>{4FC737F1-C7A5-4376-A066-2A32D752A2FF}</UniqueIdentifier>
      <Extensions>cpp;c;cc;cxx;def;odl;idl;hpj;bat;asm;asmx</Extensions>
    </Filter>
    <Filter Include="ヘッダー ファイル">
      <UniqueIdentifier>{93995380-89BD-4b04-88EB-625FBE52EBFB}</UniqueIdentifier>
      <Extensions>h;hh;hpp;hxx;hm;inl;inc;xsd</Extensions>
    </Filter>
    <Filter Include="リソース ファイル">
      <UniqueIdentifier>{67DA6AB6-F800-4c08-8B7A-83BB121AAD01}</UniqueIdentifier>
      <Extensions>rc;ico;cur;bmp;dlg;rc2;rct;bin;rgs;gif;jpg;jpeg;jpe;resx;tiff;tif;png;wav;mfcribbon-ms</Extensions>
    </Filter>
    <Filter Include="ソース ファイル\myEngine">
      <UniqueIdentifier>{cf71c2d7-86a3-4324-b23c-562f3630fba6}</UniqueIdentifier>
    </Filter>
    <Filter Include="ソース ファイル\myEngine\Graphics">
      <UniqueIdentifier>{06578e99-1462-452d-9e13-0656e1071d84}</UniqueIdentifier>
    </Filter>
    <Filter Include="ソース ファイル\myEngine\Physics">
      <UniqueIdentifier>{24b08cc4-989a-4ce6-8812-a1108fd4dd90}</UniqueIdentifier>
    </Filter>
    <Filter Include="ソース ファイル\myEngine\HID">
      <UniqueIdentifier>{eb51f13c-4c51-4798-b6cc-97f71ded64a4}</UniqueIdentifier>
    </Filter>
    <Filter Include="ソース ファイル\Map">
      <UniqueIdentifier>{c48b3419-5b88-4f66-b127-b9547613d726}</UniqueIdentifier>
    </Filter>
    <Filter Include="ソース ファイル\Enemy">
      <UniqueIdentifier>{716acbc9-3a8a-4ed8-9d43-5559dda4cd3b}</UniqueIdentifier>
    </Filter>
    <Filter Include="ソース ファイル\Scene">
      <UniqueIdentifier>{5ab29fdc-106f-4870-a71f-1fc3e2d1a18e}</UniqueIdentifier>
    </Filter>
    <Filter Include="ソース ファイル\UI">
      <UniqueIdentifier>{61b10a22-202c-4de6-9640-2357ee9a2570}</UniqueIdentifier>
    </Filter>
    <Filter Include="ソース ファイル\myEngine\Sound">
      <UniqueIdentifier>{fdbbc18b-b229-4a24-b438-54ee84ff00b7}</UniqueIdentifier>
    </Filter>
    <Filter Include="ソース ファイル\myEngine\Particle">
      <UniqueIdentifier>{b96ed5d2-1a34-43d3-9458-9e0edf017eb1}</UniqueIdentifier>
    </Filter>
  </ItemGroup>
  <ItemGroup>
    <ClCompile Include="main.cpp">
      <Filter>ソース ファイル</Filter>
    </ClCompile>
    <ClCompile Include="stdafx.cpp">
      <Filter>ソース ファイル</Filter>
    </ClCompile>
    <ClCompile Include="myEngine\Graphics\SkinModelData.cpp">
      <Filter>ソース ファイル\myEngine\Graphics</Filter>
    </ClCompile>
    <ClCompile Include="myEngine\Graphics\Animation.cpp">
      <Filter>ソース ファイル\myEngine\Graphics</Filter>
    </ClCompile>
    <ClCompile Include="myEngine\Graphics\Camera.cpp">
      <Filter>ソース ファイル\myEngine\Graphics</Filter>
    </ClCompile>
    <ClCompile Include="myEngine\Graphics\EffectManager.cpp">
      <Filter>ソース ファイル\myEngine\Graphics</Filter>
    </ClCompile>
    <ClCompile Include="myEngine\Graphics\SkinModel.cpp">
      <Filter>ソース ファイル\myEngine\Graphics</Filter>
    </ClCompile>
    <ClCompile Include="myEngine\Physics\RigidBody.cpp">
      <Filter>ソース ファイル\myEngine\Physics</Filter>
    </ClCompile>
    <ClCompile Include="myEngine\Physics\CapsuleCollider.cpp">
      <Filter>ソース ファイル\myEngine\Physics</Filter>
    </ClCompile>
    <ClCompile Include="myEngine\Physics\CharacterController.cpp">
      <Filter>ソース ファイル\myEngine\Physics</Filter>
    </ClCompile>
    <ClCompile Include="myEngine\Physics\MeshCollider.cpp">
      <Filter>ソース ファイル\myEngine\Physics</Filter>
    </ClCompile>
    <ClCompile Include="myEngine\Physics\Physics.cpp">
      <Filter>ソース ファイル\myEngine\Physics</Filter>
    </ClCompile>
    <ClCompile Include="myEngine\System.cpp">
      <Filter>ソース ファイル\myEngine</Filter>
    </ClCompile>
    <ClCompile Include="myEngine\HID\Pad.cpp">
      <Filter>ソース ファイル\myEngine\HID</Filter>
    </ClCompile>
    <ClCompile Include="Player.cpp">
      <Filter>ソース ファイル</Filter>
    </ClCompile>
    <ClCompile Include="GameCamera.cpp">
      <Filter>ソース ファイル</Filter>
    </ClCompile>
    <ClCompile Include="Sprite.cpp">
      <Filter>ソース ファイル\myEngine</Filter>
    </ClCompile>
    <ClCompile Include="Enemy\Enemy.cpp">
      <Filter>ソース ファイル\Enemy</Filter>
    </ClCompile>
    <ClCompile Include="Enemy\EnemyManager.cpp">
      <Filter>ソース ファイル\Enemy</Filter>
    </ClCompile>
    <ClCompile Include="Enemy\Skelton.cpp">
      <Filter>ソース ファイル\Enemy</Filter>
    </ClCompile>
    <ClCompile Include="Map\Map.cpp">
      <Filter>ソース ファイル\Map</Filter>
    </ClCompile>
    <ClCompile Include="Map\MapChip.cpp">
      <Filter>ソース ファイル\Map</Filter>
    </ClCompile>
    <ClCompile Include="Scene\TitleScene.cpp">
      <Filter>ソース ファイル\Scene</Filter>
    </ClCompile>
    <ClCompile Include="Map\Sky.cpp">
      <Filter>ソース ファイル\Map</Filter>
    </ClCompile>
    <ClCompile Include="Scene\GameScene.cpp">
      <Filter>ソース ファイル\Scene</Filter>
    </ClCompile>
    <ClCompile Include="SceneBase.cpp">
      <Filter>ソース ファイル\Scene</Filter>
    </ClCompile>
    <ClCompile Include="LoadingScene.cpp">
      <Filter>ソース ファイル\Scene</Filter>
    </ClCompile>
    <ClCompile Include="GameOverScene.cpp">
      <Filter>ソース ファイル\Scene</Filter>
    </ClCompile>
    <ClCompile Include="Scene\SceneManager.cpp">
      <Filter>ソース ファイル</Filter>
    </ClCompile>
    <ClCompile Include="ClearMarker.cpp">
      <Filter>ソース ファイル\Map</Filter>
    </ClCompile>
    <ClCompile Include="ResultScene.cpp">
      <Filter>ソース ファイル\Scene</Filter>
    </ClCompile>
    <ClCompile Include="myEngine\Physics\CameraCollisionSolver.cpp">
      <Filter>ソース ファイル\myEngine\Physics</Filter>
    </ClCompile>
    <ClCompile Include="myEngine\Physics\SphereCollider.cpp">
      <Filter>ソース ファイル\myEngine\Physics</Filter>
    </ClCompile>
    <ClCompile Include="myEngine\Graphics\RenderTarget.cpp">
      <Filter>ソース ファイル\myEngine\Graphics</Filter>
    </ClCompile>
    <ClCompile Include="myEngine\Graphics\ShadowMap.cpp">
      <Filter>ソース ファイル\myEngine\Graphics</Filter>
    </ClCompile>
    <ClCompile Include="Number.cpp">
      <Filter>ソース ファイル\UI</Filter>
    </ClCompile>
    <ClCompile Include="ShowScore.cpp">
      <Filter>ソース ファイル\UI</Filter>
    </ClCompile>
    <ClCompile Include="HPGauge.cpp">
      <Filter>ソース ファイル\UI</Filter>
    </ClCompile>
    <ClCompile Include="IndexBuffer.cpp">
      <Filter>ソース ファイル\myEngine</Filter>
    </ClCompile>
    <ClCompile Include="Primitive.cpp">
      <Filter>ソース ファイル\myEngine</Filter>
    </ClCompile>
    <ClCompile Include="Interface.cpp">
      <Filter>ソース ファイル\UI</Filter>
    </ClCompile>
    <ClCompile Include="VertexBuffer.cpp">
      <Filter>ソース ファイル</Filter>
    </ClCompile>
    <ClCompile Include="PostEffect.cpp">
      <Filter>ソース ファイル\myEngine</Filter>
    </ClCompile>
    <ClCompile Include="SoundEngine.cpp">
      <Filter>ソース ファイル\myEngine\Sound</Filter>
    </ClCompile>
    <ClCompile Include="SoundSource.cpp">
      <Filter>ソース ファイル\myEngine\Sound</Filter>
    </ClCompile>
    <ClCompile Include="WaveFile.cpp">
      <Filter>ソース ファイル\myEngine\Sound</Filter>
    </ClCompile>
    <ClCompile Include="WaveFileBank.cpp">
      <Filter>ソース ファイル\myEngine\Sound</Filter>
    </ClCompile>
    <ClCompile Include="ParticleEmitter.cpp">
      <Filter>ソース ファイル\myEngine\Particle</Filter>
    </ClCompile>
    <ClCompile Include="Particle.cpp">
      <Filter>ソース ファイル\myEngine\Particle</Filter>
    </ClCompile>
    <ClCompile Include="Recovery.cpp">
      <Filter>ソース ファイル</Filter>
    </ClCompile>
    <ClCompile Include="bloom.cpp">
      <Filter>ソース ファイル\myEngine\Graphics</Filter>
    </ClCompile>
  </ItemGroup>
  <ItemGroup>
    <ClInclude Include="stdafx.h">
      <Filter>ソース ファイル</Filter>
    </ClInclude>
    <ClInclude Include="myEngine\Graphics\SkinModelData.h">
      <Filter>ソース ファイル\myEngine\Graphics</Filter>
    </ClInclude>
    <ClInclude Include="myEngine\Graphics\Animation.h">
      <Filter>ソース ファイル\myEngine\Graphics</Filter>
    </ClInclude>
    <ClInclude Include="myEngine\Graphics\Camera.h">
      <Filter>ソース ファイル\myEngine\Graphics</Filter>
    </ClInclude>
    <ClInclude Include="myEngine\Graphics\EffectManager.h">
      <Filter>ソース ファイル\myEngine\Graphics</Filter>
    </ClInclude>
    <ClInclude Include="myEngine\Graphics\Light.h">
      <Filter>ソース ファイル\myEngine\Graphics</Filter>
    </ClInclude>
    <ClInclude Include="myEngine\Graphics\SkinModel.h">
      <Filter>ソース ファイル\myEngine\Graphics</Filter>
    </ClInclude>
    <ClInclude Include="myEngine\Physics\Physics.h">
      <Filter>ソース ファイル\myEngine\Physics</Filter>
    </ClInclude>
    <ClInclude Include="myEngine\Physics\RigidBody.h">
      <Filter>ソース ファイル\myEngine\Physics</Filter>
    </ClInclude>
    <ClInclude Include="myEngine\Physics\CapsuleCollider.h">
      <Filter>ソース ファイル\myEngine\Physics</Filter>
    </ClInclude>
    <ClInclude Include="myEngine\Physics\CharacterController.h">
      <Filter>ソース ファイル\myEngine\Physics</Filter>
    </ClInclude>
    <ClInclude Include="myEngine\Physics\CollisionAttr.h">
      <Filter>ソース ファイル\myEngine\Physics</Filter>
    </ClInclude>
    <ClInclude Include="myEngine\Physics\ICollider.h">
      <Filter>ソース ファイル\myEngine\Physics</Filter>
    </ClInclude>
    <ClInclude Include="myEngine\Physics\MeshCollider.h">
      <Filter>ソース ファイル\myEngine\Physics</Filter>
    </ClInclude>
    <ClInclude Include="myEngine\system.h">
      <Filter>ソース ファイル\myEngine</Filter>
    </ClInclude>
    <ClInclude Include="myEngine\HID\Pad.h">
      <Filter>ソース ファイル\myEngine\HID</Filter>
    </ClInclude>
    <ClInclude Include="Player.h">
      <Filter>ソース ファイル</Filter>
    </ClInclude>
    <ClInclude Include="GameCamera.h">
      <Filter>ソース ファイル</Filter>
    </ClInclude>
    <ClInclude Include="Sprite.h">
      <Filter>ソース ファイル\myEngine</Filter>
    </ClInclude>
    <ClInclude Include="Enemy\Enemy.h">
      <Filter>ソース ファイル\Enemy</Filter>
    </ClInclude>
    <ClInclude Include="Enemy\EnemyManager.h">
      <Filter>ソース ファイル\Enemy</Filter>
    </ClInclude>
    <ClInclude Include="Enemy\Skelton.h">
      <Filter>ソース ファイル\Enemy</Filter>
    </ClInclude>
    <ClInclude Include="Map\Map.h">
      <Filter>ソース ファイル\Map</Filter>
    </ClInclude>
    <ClInclude Include="Map\MapChip.h">
      <Filter>ソース ファイル\Map</Filter>
    </ClInclude>
    <ClInclude Include="Scene\TitleScene.h">
      <Filter>ソース ファイル\Scene</Filter>
    </ClInclude>
    <ClInclude Include="Map\Sky.h">
      <Filter>ソース ファイル\Map</Filter>
    </ClInclude>
    <ClInclude Include="SceneBase.h">
      <Filter>ソース ファイル\Scene</Filter>
    </ClInclude>
    <ClInclude Include="LoadingScene.h">
      <Filter>ソース ファイル\Scene</Filter>
    </ClInclude>
    <ClInclude Include="Scene\SceneManager.h">
      <Filter>ソース ファイル</Filter>
    </ClInclude>
    <ClInclude Include="ClearMarker.h">
      <Filter>ソース ファイル\Map</Filter>
    </ClInclude>
    <ClInclude Include="ResultScene.h">
      <Filter>ソース ファイル\Scene</Filter>
    </ClInclude>
    <ClInclude Include="GameOverScene.h">
      <Filter>ソース ファイル\Scene</Filter>
    </ClInclude>
    <ClInclude Include="Scene\GameScene.h">
      <Filter>ソース ファイル\Scene</Filter>
    </ClInclude>
    <ClInclude Include="myEngine\Physics\CameraCollisionSolver.h">
      <Filter>ソース ファイル\myEngine\Physics</Filter>
    </ClInclude>
    <ClInclude Include="myEngine\Physics\SphereCollider.h">
      <Filter>ソース ファイル\myEngine\Physics</Filter>
    </ClInclude>
    <ClInclude Include="myEngine\Graphics\RenderTarget.h">
      <Filter>ソース ファイル\myEngine\Graphics</Filter>
    </ClInclude>
    <ClInclude Include="myEngine\Graphics\ShadowMap.h">
      <Filter>ソース ファイル\myEngine\Graphics</Filter>
    </ClInclude>
    <ClInclude Include="Number.h">
      <Filter>ソース ファイル\UI</Filter>
    </ClInclude>
    <ClInclude Include="ShowScore.h">
      <Filter>ソース ファイル\UI</Filter>
    </ClInclude>
    <ClInclude Include="HPGauge.h">
      <Filter>ソース ファイル\UI</Filter>
    </ClInclude>
    <ClInclude Include="Primitive.h">
      <Filter>ソース ファイル\myEngine</Filter>
    </ClInclude>
    <ClInclude Include="IndexBuffer.h">
      <Filter>ソース ファイル\myEngine</Filter>
    </ClInclude>
    <ClInclude Include="Interface.h">
      <Filter>ソース ファイル\UI</Filter>
    </ClInclude>
    <ClInclude Include="VertexBuffer.h">
      <Filter>ヘッダー ファイル</Filter>
    </ClInclude>
    <ClInclude Include="PostEffect.h">
      <Filter>ソース ファイル\myEngine</Filter>
    </ClInclude>
    <ClInclude Include="Util.h">
      <Filter>ソース ファイル</Filter>
    </ClInclude>
    <ClInclude Include="SoundEngine.h">
      <Filter>ソース ファイル\myEngine\Sound</Filter>
    </ClInclude>
    <ClInclude Include="SoundSource.h">
      <Filter>ソース ファイル\myEngine\Sound</Filter>
    </ClInclude>
    <ClInclude Include="WaveFile.h">
      <Filter>ソース ファイル\myEngine\Sound</Filter>
    </ClInclude>
    <ClInclude Include="WaveFileBank.h">
      <Filter>ソース ファイル\myEngine\Sound</Filter>
    </ClInclude>
    <ClInclude Include="Particle.h">
      <Filter>ソース ファイル\myEngine\Particle</Filter>
    </ClInclude>
    <ClInclude Include="ParticleEmitter.h">
      <Filter>ソース ファイル\myEngine\Particle</Filter>
    </ClInclude>
    <ClInclude Include="Recovery.h">
      <Filter>ヘッダー ファイル</Filter>
    </ClInclude>
    <ClInclude Include="bloom.h">
      <Filter>ソース ファイル\myEngine\Graphics</Filter>
    </ClInclude>
  </ItemGroup>
</Project>